<?xml version="1.0" encoding="utf-8"?>
<Project ToolsVersion="4.0" xmlns="http://schemas.microsoft.com/developer/msbuild/2003">
  <ItemGroup>
    <Filter Include="Исходные файлы">
      <UniqueIdentifier>{4FC737F1-C7A5-4376-A066-2A32D752A2FF}</UniqueIdentifier>
      <Extensions>cpp;c;cc;cxx;c++;cppm;ixx;def;odl;idl;hpj;bat;asm;asmx</Extensions>
    </Filter>
    <Filter Include="Файлы заголовков">
      <UniqueIdentifier>{93995380-89BD-4b04-88EB-625FBE52EBFB}</UniqueIdentifier>
      <Extensions>h;hh;hpp;hxx;h++;hm;inl;inc;ipp;xsd</Extensions>
    </Filter>
    <Filter Include="Файлы ресурсов">
      <UniqueIdentifier>{67DA6AB6-F800-4c08-8B7A-83BB121AAD01}</UniqueIdentifier>
      <Extensions>rc;ico;cur;bmp;dlg;rc2;rct;bin;rgs;gif;jpg;jpeg;jpe;resx;tiff;tif;png;wav;mfcribbon-ms</Extensions>
    </Filter>
    <Filter Include="src">
      <UniqueIdentifier>{7bfd3106-4126-455f-9f4e-08907b4218d5}</UniqueIdentifier>
    </Filter>
    <Filter Include="src\controller">
      <UniqueIdentifier>{1431275b-787b-48e8-a781-afab85332fe5}</UniqueIdentifier>
    </Filter>
    <Filter Include="src\core">
      <UniqueIdentifier>{6c987907-60c6-4413-a286-a49243fa308c}</UniqueIdentifier>
    </Filter>
    <Filter Include="src\dto">
      <UniqueIdentifier>{4464071e-0305-4eb4-b1ab-da3b36d8c1cc}</UniqueIdentifier>
    </Filter>
    <Filter Include="src\mapper">
      <UniqueIdentifier>{3c75f172-e8d3-4242-9c52-f344697327ae}</UniqueIdentifier>
    </Filter>
    <Filter Include="src\service">
      <UniqueIdentifier>{6076c3d7-0a4f-4c59-b94d-422b998b2459}</UniqueIdentifier>
    </Filter>
    <Filter Include="src\interceptor">
      <UniqueIdentifier>{c4863369-458b-4fde-840f-bb0498567ca5}</UniqueIdentifier>
    </Filter>
    <Filter Include="assets">
      <UniqueIdentifier>{86cb22e5-79a5-4910-89fa-dfa4ae5f63f2}</UniqueIdentifier>
    </Filter>
  </ItemGroup>
  <ItemGroup>
    <None Include="index.htm" />
  </ItemGroup>
  <ItemGroup>
    <ClInclude Include="src\controller\TaskController.hpp">
      <Filter>src\controller</Filter>
    </ClInclude>
    <ClInclude Include="src\core\Task.hpp">
      <Filter>src\core</Filter>
    </ClInclude>
    <ClInclude Include="src\core\TaskManager.hpp">
      <Filter>src\core</Filter>
    </ClInclude>
    <ClInclude Include="src\dto\TaskDto.hpp">
      <Filter>src\dto</Filter>
    </ClInclude>
    <ClInclude Include="src\mapper\TaskMapper.hpp">
      <Filter>src\mapper</Filter>
    </ClInclude>
    <ClInclude Include="src\service\AppComponent.hpp">
      <Filter>src\service</Filter>
    </ClInclude>
    <ClInclude Include="src\interceptor\CorsInterceptor.hpp">
      <Filter>src\interceptor</Filter>
    </ClInclude>
  </ItemGroup>
  <ItemGroup>
    <ClCompile Include="src\core\Task.cpp">
      <Filter>src\core</Filter>
    </ClCompile>
    <ClCompile Include="src\core\TaskManager.cpp">
      <Filter>src\core</Filter>
    </ClCompile>
    <ClCompile Include="src\service\App.cpp">
      <Filter>src\service</Filter>
    </ClCompile>
  </ItemGroup>
  <ItemGroup>
    <Image Include="assets\TaskManager_image.png">
      <Filter>assets</Filter>
    </Image>
    <Image Include="assets\TaskManager_gif.gif">
      <Filter>assets</Filter>
    </Image>
  </ItemGroup>
</Project>